
Microsoft Visual Studio Solution File, Format Version 12.00
# Visual Studio Version 17
VisualStudioVersion = 17.6.33723.286
MinimumVisualStudioVersion = 10.0.40219.1
Project("{FAE04EC0-301F-11D3-BF4B-00C04F79EFBC}") = "DersModelYapisi", "DersModelYapisi\DersModelYapisi.csproj", "{E0110AB7-1DDE-4A59-A81D-D1EC45FE7E3C}"
EndProject
Global
	GlobalSection(SolutionConfigurationPlatforms) = preSolution
		Debug|Any CPU = Debug|Any CPU
		Release|Any CPU = Release|Any CPU
	EndGlobalSection
	GlobalSection(ProjectConfigurationPlatforms) = postSolution
		{E0110AB7-1DDE-4A59-A81D-D1EC45FE7E3C}.Debug|Any CPU.ActiveCfg = Debug|Any CPU
		{E0110AB7-1DDE-4A59-A81D-D1EC45FE7E3C}.Debug|Any CPU.Build.0 = Debug|Any CPU
		{E0110AB7-1DDE-4A59-A81D-D1EC45FE7E3C}.Release|Any CPU.ActiveCfg = Release|Any CPU
		{E0110AB7-1DDE-4A59-A81D-D1EC45FE7E3C}.Release|Any CPU.Build.0 = Release|Any CPU
	EndGlobalSection
	GlobalSection(SolutionProperties) = preSolution
		HideSolutionNode = FALSE
	EndGlobalSection
	GlobalSection(ExtensibilityGlobals) = postSolution
		SolutionGuid = {1B7A7CC7-44E3-41A5-BA88-C64989F6494C}
	EndGlobalSection
EndGlobal
